
Microsoft Visual Studio Solution File, Format Version 12.00
# Visual Studio Version 17
VisualStudioVersion = 17.14.36203.30
MinimumVisualStudioVersion = 10.0.40219.1
Project("{FAE04EC0-301F-11D3-BF4B-00C04F79EFBC}") = "EvenNumberforwhile", "EvenNumberforwhile\EvenNumberforwhile.csproj", "{870DBF2A-9A9D-44A0-BC51-5D9D318FE6CA}"
EndProject
Project("{2150E333-8FDC-42A3-9474-1A3956D46DE8}") = "June17", "June17", "{02EA681E-C7D8-13C7-8484-4AC65E1B71E8}"
EndProject
Project("{2150E333-8FDC-42A3-9474-1A3956D46DE8}") = "Assignments", "Assignments", "{0B6C5789-FBC7-4D55-A293-38A2AAB3B607}"
EndProject
Project("{FAE04EC0-301F-11D3-BF4B-00C04F79EFBC}") = "OddNumberforwhile", "OddNumberforwhile\OddNumberforwhile.csproj", "{DB6FF1E2-BFD7-4F57-AC71-30CCAC893865}"
EndProject
Project("{FAE04EC0-301F-11D3-BF4B-00C04F79EFBC}") = "Multiplication", "Multiplication\Multiplication.csproj", "{5A108DAD-090F-4D24-98F1-4A184730B538}"
EndProject
Project("{FAE04EC0-301F-11D3-BF4B-00C04F79EFBC}") = "CalculatorWithFunction", "CalculatorWithFunction\CalculatorWithFunction.csproj", "{215A7F05-CBF0-4725-BE54-D9A5A3742A91}"
EndProject
Project("{2150E333-8FDC-42A3-9474-1A3956D46DE8}") = "June18", "June18", "{CE8A3850-D634-4305-BAB5-E9294757EF21}"
EndProject
Project("{2150E333-8FDC-42A3-9474-1A3956D46DE8}") = "Model", "Model", "{72C85178-AE0B-4883-B17B-3B3643D090A3}"
EndProject
Project("{FAE04EC0-301F-11D3-BF4B-00C04F79EFBC}") = "Genericlistofclassexpenses", "Genericlistofclassexpenses\Genericlistofclassexpenses.csproj", "{5AC89E7E-C05F-4E3C-A30A-4ED4651D91E0}"
EndProject
Project("{FAE04EC0-301F-11D3-BF4B-00C04F79EFBC}") = "ContactClass", "ContactClass\ContactClass.csproj", "{03FE03F1-62B4-41F1-9166-725131426A27}"
EndProject
Project("{FAE04EC0-301F-11D3-BF4B-00C04F79EFBC}") = "Traineeclass", "Traineeclass\Traineeclass.csproj", "{8BA9A831-57EC-4917-A92F-9D10AAF6655C}"
EndProject
Project("{2150E333-8FDC-42A3-9474-1A3956D46DE8}") = "Assignments", "Assignments", "{3D1005AB-8DC8-4B52-92EE-AB31627D0A5D}"
EndProject
Project("{FAE04EC0-301F-11D3-BF4B-00C04F79EFBC}") = "GenericListOfTechnologies", "GenericListOfTechnologies\GenericListOfTechnologies.csproj", "{7F32B0AF-9C42-4588-977C-F884B23774FD}"
EndProject
Project("{2150E333-8FDC-42A3-9474-1A3956D46DE8}") = "June19", "June19", "{1AC2878C-2FA4-46C4-8D9C-50455957A7DE}"
EndProject
Project("{FAE04EC0-301F-11D3-BF4B-00C04F79EFBC}") = "CollectionOfClassMVC", "CollectionOfClassMVC\CollectionOfClassMVC.csproj", "{F17FC7D0-9B01-4C03-A13D-AA3596D8118A}"
EndProject
Project("{FAE04EC0-301F-11D3-BF4B-00C04F79EFBC}") = "ITandCS", "ITandCS\ITandCS.csproj", "{F5616C20-36DD-43D7-9EA5-3AA3FC3AF496}"
EndProject
Project("{2150E333-8FDC-42A3-9474-1A3956D46DE8}") = "NewFolder1", "NewFolder1", "{608DD837-E845-44A4-93F3-E34BB4792A0F}"
EndProject
Project("{FAE04EC0-301F-11D3-BF4B-00C04F79EFBC}") = "GenericListOfStringMVC", "GenericListOfStringMVC\GenericListOfStringMVC.csproj", "{7E9BA093-1B8F-47AF-9EC2-CCCAE6899C43}"
EndProject
Project("{FAE04EC0-301F-11D3-BF4B-00C04F79EFBC}") = "MVCGenericString", "MVCGenericString\MVCGenericString.csproj", "{E02BC837-D1DF-4DEE-8A54-A6F6BAE2F598}"
EndProject
Project("{FAE04EC0-301F-11D3-BF4B-00C04F79EFBC}") = "MVCModelBindingSimple", "MVCModelBindingSimple\MVCModelBindingSimple.csproj", "{BCA9D652-467D-45D3-8AFA-0B859E64F6FA}"
EndProject
Project("{FAE04EC0-301F-11D3-BF4B-00C04F79EFBC}") = "FormssMVC", "FormssMVC\FormssMVC.csproj", "{27148488-3649-4511-836F-F1D2293F7ED4}"
EndProject
Project("{2150E333-8FDC-42A3-9474-1A3956D46DE8}") = "June20", "June20", "{E619FDCF-1C21-45C1-9A35-FABF2BC8CF5D}"
EndProject
Project("{FAE04EC0-301F-11D3-BF4B-00C04F79EFBC}") = "HelloMVCRevision", "HelloMVCRevision\HelloMVCRevision.csproj", "{45B8459F-E50D-4F2E-943C-A62E85306C60}"
EndProject
Project("{FAE04EC0-301F-11D3-BF4B-00C04F79EFBC}") = "HtmlHelpers", "HtmlHelpers\HtmlHelpers.csproj", "{0E480245-4281-4D19-9CE2-08C8DA33E7D6}"
EndProject
Project("{FAE04EC0-301F-11D3-BF4B-00C04F79EFBC}") = "TraineeManagement", "TraineeManagement\TraineeManagement.csproj", "{94A73874-F093-4FCE-9CB9-6962DD68314A}"
EndProject
Project("{2150E333-8FDC-42A3-9474-1A3956D46DE8}") = "Assignments", "Assignments", "{5D6627C4-4863-4A44-A813-1F2A7FC77419}"
EndProject
Project("{FAE04EC0-301F-11D3-BF4B-00C04F79EFBC}") = "MVCSelectionInsertion", "MVCSelectionInsertion\MVCSelectionInsertion.csproj", "{0EE8D21B-F71D-4DBA-8A9B-A01F5435B603}"
EndProject
Project("{FAE04EC0-301F-11D3-BF4B-00C04F79EFBC}") = "BusManagement", "BusManagement\BusManagement.csproj", "{C73BE4DE-A48F-4C58-A00E-0B475D871FE3}"
EndProject
Project("{2150E333-8FDC-42A3-9474-1A3956D46DE8}") = "June24", "June24", "{AB3CBC42-B132-4681-BF9D-A35C622E5DB6}"
EndProject
Project("{FAE04EC0-301F-11D3-BF4B-00C04F79EFBC}") = "TocHTraineesSelectionDetails", "TocHTraineesSelectionDetails\TocHTraineesSelectionDetails.csproj", "{1C89E796-41C6-4182-9A74-12FBA1BAE9C1}"
EndProject
Project("{FAE04EC0-301F-11D3-BF4B-00C04F79EFBC}") = "QueryEg", "QueryEg\QueryEg.csproj", "{3C1714C6-24D5-47F3-8A16-934D09643081}"
EndProject
Project("{FAE04EC0-301F-11D3-BF4B-00C04F79EFBC}") = "citysobrequet", "citysobrequet\citysobrequet.csproj", "{FB9F1E22-E7F1-4865-A225-D0EF1E1CE38D}"
EndProject
Project("{FAE04EC0-301F-11D3-BF4B-00C04F79EFBC}") = "Sobrequetusingview", "Sobrequrtusingview\Sobrequetusingview.csproj", "{E2F149EA-CD41-405C-8FD9-6892139CDC54}"
EndProject
Project("{FAE04EC0-301F-11D3-BF4B-00C04F79EFBC}") = "citysobrequetbox", "citysobrequetbox\citysobrequetbox.csproj", "{6709E802-8387-4C3A-8444-1716920ACA74}"
EndProject
Project("{2150E333-8FDC-42A3-9474-1A3956D46DE8}") = "Assignment", "Assignment", "{1B001EC5-B2F2-4231-B6BA-3A5E28596F32}"
EndProject
Project("{FAE04EC0-301F-11D3-BF4B-00C04F79EFBC}") = "sobrequetcombo", "sobrequetcombo\sobrequetcombo.csproj", "{996EB258-F38F-46EF-ACCB-1C848EAEEF13}"
EndProject
Project("{2150E333-8FDC-42A3-9474-1A3956D46DE8}") = "June25", "June25", "{579C3C7F-AE1E-44A6-8417-9BF31C112AFB}"
EndProject
Project("{FAE04EC0-301F-11D3-BF4B-00C04F79EFBC}") = "selectdetailsdelete", "selectdetailsdelete\selectdetailsdelete.csproj", "{EC716C3F-5EAB-4FD9-9D53-ACE7C16D8619}"
EndProject
Project("{FAE04EC0-301F-11D3-BF4B-00C04F79EFBC}") = "MVCViewRevision", "MVCViewRevision\MVCViewRevision.csproj", "{C1A51F81-6542-4406-B447-5820831974AE}"
EndProject
Project("{FAE04EC0-301F-11D3-BF4B-00C04F79EFBC}") = "HtmlTextBoxHelper", "HtmlTextBoxHelper\HtmlTextBoxHelper.csproj", "{9722F6C0-5563-4A22-95C3-C99C776CC6DC}"
EndProject
Project("{2150E333-8FDC-42A3-9474-1A3956D46DE8}") = "June26", "June26", "{71294D72-E345-43DE-9C5C-2E1F8AF96207}"
EndProject
Project("{FAE04EC0-301F-11D3-BF4B-00C04F79EFBC}") = "CourseManagement", "CourseManagement\CourseManagement.csproj", "{0E43A7D7-16C7-4D3F-BAC5-4FBF3FF707B3}"
EndProject
Project("{2150E333-8FDC-42A3-9474-1A3956D46DE8}") = "June30", "June30", "{9256B847-6942-4EBA-88F7-7DFCBD776ED9}"
EndProject
Project("{FAE04EC0-301F-11D3-BF4B-00C04F79EFBC}") = "MiniProject", "MiniProject\MiniProject.csproj", "{CC3264CC-1C23-4C73-9BE5-56A632A31DCE}"
EndProject
Global
	GlobalSection(SolutionConfigurationPlatforms) = preSolution
		Debug|Any CPU = Debug|Any CPU
		Release|Any CPU = Release|Any CPU
	EndGlobalSection
	GlobalSection(ProjectConfigurationPlatforms) = postSolution
		{870DBF2A-9A9D-44A0-BC51-5D9D318FE6CA}.Debug|Any CPU.ActiveCfg = Debug|Any CPU
		{870DBF2A-9A9D-44A0-BC51-5D9D318FE6CA}.Debug|Any CPU.Build.0 = Debug|Any CPU
		{870DBF2A-9A9D-44A0-BC51-5D9D318FE6CA}.Release|Any CPU.ActiveCfg = Release|Any CPU
		{870DBF2A-9A9D-44A0-BC51-5D9D318FE6CA}.Release|Any CPU.Build.0 = Release|Any CPU
		{DB6FF1E2-BFD7-4F57-AC71-30CCAC893865}.Debug|Any CPU.ActiveCfg = Debug|Any CPU
		{DB6FF1E2-BFD7-4F57-AC71-30CCAC893865}.Debug|Any CPU.Build.0 = Debug|Any CPU
		{DB6FF1E2-BFD7-4F57-AC71-30CCAC893865}.Release|Any CPU.ActiveCfg = Release|Any CPU
		{DB6FF1E2-BFD7-4F57-AC71-30CCAC893865}.Release|Any CPU.Build.0 = Release|Any CPU
		{5A108DAD-090F-4D24-98F1-4A184730B538}.Debug|Any CPU.ActiveCfg = Debug|Any CPU
		{5A108DAD-090F-4D24-98F1-4A184730B538}.Debug|Any CPU.Build.0 = Debug|Any CPU
		{5A108DAD-090F-4D24-98F1-4A184730B538}.Release|Any CPU.ActiveCfg = Release|Any CPU
		{5A108DAD-090F-4D24-98F1-4A184730B538}.Release|Any CPU.Build.0 = Release|Any CPU
		{215A7F05-CBF0-4725-BE54-D9A5A3742A91}.Debug|Any CPU.ActiveCfg = Debug|Any CPU
		{215A7F05-CBF0-4725-BE54-D9A5A3742A91}.Debug|Any CPU.Build.0 = Debug|Any CPU
		{215A7F05-CBF0-4725-BE54-D9A5A3742A91}.Release|Any CPU.ActiveCfg = Release|Any CPU
		{215A7F05-CBF0-4725-BE54-D9A5A3742A91}.Release|Any CPU.Build.0 = Release|Any CPU
		{5AC89E7E-C05F-4E3C-A30A-4ED4651D91E0}.Debug|Any CPU.ActiveCfg = Debug|Any CPU
		{5AC89E7E-C05F-4E3C-A30A-4ED4651D91E0}.Debug|Any CPU.Build.0 = Debug|Any CPU
		{5AC89E7E-C05F-4E3C-A30A-4ED4651D91E0}.Release|Any CPU.ActiveCfg = Release|Any CPU
		{5AC89E7E-C05F-4E3C-A30A-4ED4651D91E0}.Release|Any CPU.Build.0 = Release|Any CPU
		{03FE03F1-62B4-41F1-9166-725131426A27}.Debug|Any CPU.ActiveCfg = Debug|Any CPU
		{03FE03F1-62B4-41F1-9166-725131426A27}.Debug|Any CPU.Build.0 = Debug|Any CPU
		{03FE03F1-62B4-41F1-9166-725131426A27}.Release|Any CPU.ActiveCfg = Release|Any CPU
		{03FE03F1-62B4-41F1-9166-725131426A27}.Release|Any CPU.Build.0 = Release|Any CPU
		{8BA9A831-57EC-4917-A92F-9D10AAF6655C}.Debug|Any CPU.ActiveCfg = Debug|Any CPU
		{8BA9A831-57EC-4917-A92F-9D10AAF6655C}.Debug|Any CPU.Build.0 = Debug|Any CPU
		{8BA9A831-57EC-4917-A92F-9D10AAF6655C}.Release|Any CPU.ActiveCfg = Release|Any CPU
		{8BA9A831-57EC-4917-A92F-9D10AAF6655C}.Release|Any CPU.Build.0 = Release|Any CPU
		{7F32B0AF-9C42-4588-977C-F884B23774FD}.Debug|Any CPU.ActiveCfg = Debug|Any CPU
		{7F32B0AF-9C42-4588-977C-F884B23774FD}.Debug|Any CPU.Build.0 = Debug|Any CPU
		{7F32B0AF-9C42-4588-977C-F884B23774FD}.Release|Any CPU.ActiveCfg = Release|Any CPU
		{7F32B0AF-9C42-4588-977C-F884B23774FD}.Release|Any CPU.Build.0 = Release|Any CPU
		{F17FC7D0-9B01-4C03-A13D-AA3596D8118A}.Debug|Any CPU.ActiveCfg = Debug|Any CPU
		{F17FC7D0-9B01-4C03-A13D-AA3596D8118A}.Debug|Any CPU.Build.0 = Debug|Any CPU
		{F17FC7D0-9B01-4C03-A13D-AA3596D8118A}.Release|Any CPU.ActiveCfg = Release|Any CPU
		{F17FC7D0-9B01-4C03-A13D-AA3596D8118A}.Release|Any CPU.Build.0 = Release|Any CPU
		{F5616C20-36DD-43D7-9EA5-3AA3FC3AF496}.Debug|Any CPU.ActiveCfg = Debug|Any CPU
		{F5616C20-36DD-43D7-9EA5-3AA3FC3AF496}.Debug|Any CPU.Build.0 = Debug|Any CPU
		{F5616C20-36DD-43D7-9EA5-3AA3FC3AF496}.Release|Any CPU.ActiveCfg = Release|Any CPU
		{F5616C20-36DD-43D7-9EA5-3AA3FC3AF496}.Release|Any CPU.Build.0 = Release|Any CPU
		{7E9BA093-1B8F-47AF-9EC2-CCCAE6899C43}.Debug|Any CPU.ActiveCfg = Debug|Any CPU
		{7E9BA093-1B8F-47AF-9EC2-CCCAE6899C43}.Debug|Any CPU.Build.0 = Debug|Any CPU
		{7E9BA093-1B8F-47AF-9EC2-CCCAE6899C43}.Release|Any CPU.ActiveCfg = Release|Any CPU
		{7E9BA093-1B8F-47AF-9EC2-CCCAE6899C43}.Release|Any CPU.Build.0 = Release|Any CPU
		{E02BC837-D1DF-4DEE-8A54-A6F6BAE2F598}.Debug|Any CPU.ActiveCfg = Debug|Any CPU
		{E02BC837-D1DF-4DEE-8A54-A6F6BAE2F598}.Debug|Any CPU.Build.0 = Debug|Any CPU
		{E02BC837-D1DF-4DEE-8A54-A6F6BAE2F598}.Release|Any CPU.ActiveCfg = Release|Any CPU
		{E02BC837-D1DF-4DEE-8A54-A6F6BAE2F598}.Release|Any CPU.Build.0 = Release|Any CPU
		{BCA9D652-467D-45D3-8AFA-0B859E64F6FA}.Debug|Any CPU.ActiveCfg = Debug|Any CPU
		{BCA9D652-467D-45D3-8AFA-0B859E64F6FA}.Debug|Any CPU.Build.0 = Debug|Any CPU
		{BCA9D652-467D-45D3-8AFA-0B859E64F6FA}.Release|Any CPU.ActiveCfg = Release|Any CPU
		{BCA9D652-467D-45D3-8AFA-0B859E64F6FA}.Release|Any CPU.Build.0 = Release|Any CPU
		{27148488-3649-4511-836F-F1D2293F7ED4}.Debug|Any CPU.ActiveCfg = Debug|Any CPU
		{27148488-3649-4511-836F-F1D2293F7ED4}.Debug|Any CPU.Build.0 = Debug|Any CPU
		{27148488-3649-4511-836F-F1D2293F7ED4}.Release|Any CPU.ActiveCfg = Release|Any CPU
		{27148488-3649-4511-836F-F1D2293F7ED4}.Release|Any CPU.Build.0 = Release|Any CPU
		{45B8459F-E50D-4F2E-943C-A62E85306C60}.Debug|Any CPU.ActiveCfg = Debug|Any CPU
		{45B8459F-E50D-4F2E-943C-A62E85306C60}.Debug|Any CPU.Build.0 = Debug|Any CPU
		{45B8459F-E50D-4F2E-943C-A62E85306C60}.Release|Any CPU.ActiveCfg = Release|Any CPU
		{45B8459F-E50D-4F2E-943C-A62E85306C60}.Release|Any CPU.Build.0 = Release|Any CPU
		{0E480245-4281-4D19-9CE2-08C8DA33E7D6}.Debug|Any CPU.ActiveCfg = Debug|Any CPU
		{0E480245-4281-4D19-9CE2-08C8DA33E7D6}.Debug|Any CPU.Build.0 = Debug|Any CPU
		{0E480245-4281-4D19-9CE2-08C8DA33E7D6}.Release|Any CPU.ActiveCfg = Release|Any CPU
		{0E480245-4281-4D19-9CE2-08C8DA33E7D6}.Release|Any CPU.Build.0 = Release|Any CPU
		{94A73874-F093-4FCE-9CB9-6962DD68314A}.Debug|Any CPU.ActiveCfg = Debug|Any CPU
		{94A73874-F093-4FCE-9CB9-6962DD68314A}.Debug|Any CPU.Build.0 = Debug|Any CPU
		{94A73874-F093-4FCE-9CB9-6962DD68314A}.Release|Any CPU.ActiveCfg = Release|Any CPU
		{94A73874-F093-4FCE-9CB9-6962DD68314A}.Release|Any CPU.Build.0 = Release|Any CPU
		{0EE8D21B-F71D-4DBA-8A9B-A01F5435B603}.Debug|Any CPU.ActiveCfg = Debug|Any CPU
		{0EE8D21B-F71D-4DBA-8A9B-A01F5435B603}.Debug|Any CPU.Build.0 = Debug|Any CPU
		{0EE8D21B-F71D-4DBA-8A9B-A01F5435B603}.Release|Any CPU.ActiveCfg = Release|Any CPU
		{0EE8D21B-F71D-4DBA-8A9B-A01F5435B603}.Release|Any CPU.Build.0 = Release|Any CPU
		{C73BE4DE-A48F-4C58-A00E-0B475D871FE3}.Debug|Any CPU.ActiveCfg = Debug|Any CPU
		{C73BE4DE-A48F-4C58-A00E-0B475D871FE3}.Debug|Any CPU.Build.0 = Debug|Any CPU
		{C73BE4DE-A48F-4C58-A00E-0B475D871FE3}.Release|Any CPU.ActiveCfg = Release|Any CPU
		{C73BE4DE-A48F-4C58-A00E-0B475D871FE3}.Release|Any CPU.Build.0 = Release|Any CPU
		{1C89E796-41C6-4182-9A74-12FBA1BAE9C1}.Debug|Any CPU.ActiveCfg = Debug|Any CPU
		{1C89E796-41C6-4182-9A74-12FBA1BAE9C1}.Debug|Any CPU.Build.0 = Debug|Any CPU
		{1C89E796-41C6-4182-9A74-12FBA1BAE9C1}.Release|Any CPU.ActiveCfg = Release|Any CPU
		{1C89E796-41C6-4182-9A74-12FBA1BAE9C1}.Release|Any CPU.Build.0 = Release|Any CPU
		{3C1714C6-24D5-47F3-8A16-934D09643081}.Debug|Any CPU.ActiveCfg = Debug|Any CPU
		{3C1714C6-24D5-47F3-8A16-934D09643081}.Debug|Any CPU.Build.0 = Debug|Any CPU
		{3C1714C6-24D5-47F3-8A16-934D09643081}.Release|Any CPU.ActiveCfg = Release|Any CPU
		{3C1714C6-24D5-47F3-8A16-934D09643081}.Release|Any CPU.Build.0 = Release|Any CPU
		{FB9F1E22-E7F1-4865-A225-D0EF1E1CE38D}.Debug|Any CPU.ActiveCfg = Debug|Any CPU
		{FB9F1E22-E7F1-4865-A225-D0EF1E1CE38D}.Debug|Any CPU.Build.0 = Debug|Any CPU
		{FB9F1E22-E7F1-4865-A225-D0EF1E1CE38D}.Release|Any CPU.ActiveCfg = Release|Any CPU
		{FB9F1E22-E7F1-4865-A225-D0EF1E1CE38D}.Release|Any CPU.Build.0 = Release|Any CPU
		{E2F149EA-CD41-405C-8FD9-6892139CDC54}.Debug|Any CPU.ActiveCfg = Debug|Any CPU
		{E2F149EA-CD41-405C-8FD9-6892139CDC54}.Debug|Any CPU.Build.0 = Debug|Any CPU
		{E2F149EA-CD41-405C-8FD9-6892139CDC54}.Release|Any CPU.ActiveCfg = Release|Any CPU
		{E2F149EA-CD41-405C-8FD9-6892139CDC54}.Release|Any CPU.Build.0 = Release|Any CPU
		{6709E802-8387-4C3A-8444-1716920ACA74}.Debug|Any CPU.ActiveCfg = Debug|Any CPU
		{6709E802-8387-4C3A-8444-1716920ACA74}.Debug|Any CPU.Build.0 = Debug|Any CPU
		{6709E802-8387-4C3A-8444-1716920ACA74}.Release|Any CPU.ActiveCfg = Release|Any CPU
		{6709E802-8387-4C3A-8444-1716920ACA74}.Release|Any CPU.Build.0 = Release|Any CPU
		{996EB258-F38F-46EF-ACCB-1C848EAEEF13}.Debug|Any CPU.ActiveCfg = Debug|Any CPU
		{996EB258-F38F-46EF-ACCB-1C848EAEEF13}.Debug|Any CPU.Build.0 = Debug|Any CPU
		{996EB258-F38F-46EF-ACCB-1C848EAEEF13}.Release|Any CPU.ActiveCfg = Release|Any CPU
		{996EB258-F38F-46EF-ACCB-1C848EAEEF13}.Release|Any CPU.Build.0 = Release|Any CPU
		{EC716C3F-5EAB-4FD9-9D53-ACE7C16D8619}.Debug|Any CPU.ActiveCfg = Debug|Any CPU
		{EC716C3F-5EAB-4FD9-9D53-ACE7C16D8619}.Debug|Any CPU.Build.0 = Debug|Any CPU
		{EC716C3F-5EAB-4FD9-9D53-ACE7C16D8619}.Release|Any CPU.ActiveCfg = Release|Any CPU
		{EC716C3F-5EAB-4FD9-9D53-ACE7C16D8619}.Release|Any CPU.Build.0 = Release|Any CPU
		{C1A51F81-6542-4406-B447-5820831974AE}.Debug|Any CPU.ActiveCfg = Debug|Any CPU
		{C1A51F81-6542-4406-B447-5820831974AE}.Debug|Any CPU.Build.0 = Debug|Any CPU
		{C1A51F81-6542-4406-B447-5820831974AE}.Release|Any CPU.ActiveCfg = Release|Any CPU
		{C1A51F81-6542-4406-B447-5820831974AE}.Release|Any CPU.Build.0 = Release|Any CPU
		{9722F6C0-5563-4A22-95C3-C99C776CC6DC}.Debug|Any CPU.ActiveCfg = Debug|Any CPU
		{9722F6C0-5563-4A22-95C3-C99C776CC6DC}.Debug|Any CPU.Build.0 = Debug|Any CPU
		{9722F6C0-5563-4A22-95C3-C99C776CC6DC}.Release|Any CPU.ActiveCfg = Release|Any CPU
		{9722F6C0-5563-4A22-95C3-C99C776CC6DC}.Release|Any CPU.Build.0 = Release|Any CPU
		{0E43A7D7-16C7-4D3F-BAC5-4FBF3FF707B3}.Debug|Any CPU.ActiveCfg = Debug|Any CPU
		{0E43A7D7-16C7-4D3F-BAC5-4FBF3FF707B3}.Debug|Any CPU.Build.0 = Debug|Any CPU
		{0E43A7D7-16C7-4D3F-BAC5-4FBF3FF707B3}.Release|Any CPU.ActiveCfg = Release|Any CPU
		{0E43A7D7-16C7-4D3F-BAC5-4FBF3FF707B3}.Release|Any CPU.Build.0 = Release|Any CPU
		{CC3264CC-1C23-4C73-9BE5-56A632A31DCE}.Debug|Any CPU.ActiveCfg = Debug|Any CPU
		{CC3264CC-1C23-4C73-9BE5-56A632A31DCE}.Debug|Any CPU.Build.0 = Debug|Any CPU
		{CC3264CC-1C23-4C73-9BE5-56A632A31DCE}.Release|Any CPU.ActiveCfg = Release|Any CPU
		{CC3264CC-1C23-4C73-9BE5-56A632A31DCE}.Release|Any CPU.Build.0 = Release|Any CPU
	EndGlobalSection
	GlobalSection(SolutionProperties) = preSolution
		HideSolutionNode = FALSE
	EndGlobalSection
	GlobalSection(NestedProjects) = preSolution
		{870DBF2A-9A9D-44A0-BC51-5D9D318FE6CA} = {0B6C5789-FBC7-4D55-A293-38A2AAB3B607}
		{0B6C5789-FBC7-4D55-A293-38A2AAB3B607} = {02EA681E-C7D8-13C7-8484-4AC65E1B71E8}
		{DB6FF1E2-BFD7-4F57-AC71-30CCAC893865} = {0B6C5789-FBC7-4D55-A293-38A2AAB3B607}
		{5A108DAD-090F-4D24-98F1-4A184730B538} = {0B6C5789-FBC7-4D55-A293-38A2AAB3B607}
		{215A7F05-CBF0-4725-BE54-D9A5A3742A91} = {0B6C5789-FBC7-4D55-A293-38A2AAB3B607}
		{72C85178-AE0B-4883-B17B-3B3643D090A3} = {CE8A3850-D634-4305-BAB5-E9294757EF21}
		{5AC89E7E-C05F-4E3C-A30A-4ED4651D91E0} = {72C85178-AE0B-4883-B17B-3B3643D090A3}
		{03FE03F1-62B4-41F1-9166-725131426A27} = {CE8A3850-D634-4305-BAB5-E9294757EF21}
		{8BA9A831-57EC-4917-A92F-9D10AAF6655C} = {CE8A3850-D634-4305-BAB5-E9294757EF21}
		{3D1005AB-8DC8-4B52-92EE-AB31627D0A5D} = {CE8A3850-D634-4305-BAB5-E9294757EF21}
		{7F32B0AF-9C42-4588-977C-F884B23774FD} = {3D1005AB-8DC8-4B52-92EE-AB31627D0A5D}
		{F17FC7D0-9B01-4C03-A13D-AA3596D8118A} = {1AC2878C-2FA4-46C4-8D9C-50455957A7DE}
		{F5616C20-36DD-43D7-9EA5-3AA3FC3AF496} = {1AC2878C-2FA4-46C4-8D9C-50455957A7DE}
		{608DD837-E845-44A4-93F3-E34BB4792A0F} = {1AC2878C-2FA4-46C4-8D9C-50455957A7DE}
		{7E9BA093-1B8F-47AF-9EC2-CCCAE6899C43} = {1AC2878C-2FA4-46C4-8D9C-50455957A7DE}
		{E02BC837-D1DF-4DEE-8A54-A6F6BAE2F598} = {1AC2878C-2FA4-46C4-8D9C-50455957A7DE}
		{BCA9D652-467D-45D3-8AFA-0B859E64F6FA} = {1AC2878C-2FA4-46C4-8D9C-50455957A7DE}
		{27148488-3649-4511-836F-F1D2293F7ED4} = {1AC2878C-2FA4-46C4-8D9C-50455957A7DE}
		{45B8459F-E50D-4F2E-943C-A62E85306C60} = {E619FDCF-1C21-45C1-9A35-FABF2BC8CF5D}
		{0E480245-4281-4D19-9CE2-08C8DA33E7D6} = {E619FDCF-1C21-45C1-9A35-FABF2BC8CF5D}
		{94A73874-F093-4FCE-9CB9-6962DD68314A} = {E619FDCF-1C21-45C1-9A35-FABF2BC8CF5D}
		{5D6627C4-4863-4A44-A813-1F2A7FC77419} = {E619FDCF-1C21-45C1-9A35-FABF2BC8CF5D}
		{0EE8D21B-F71D-4DBA-8A9B-A01F5435B603} = {5D6627C4-4863-4A44-A813-1F2A7FC77419}
		{C73BE4DE-A48F-4C58-A00E-0B475D871FE3} = {5D6627C4-4863-4A44-A813-1F2A7FC77419}
		{1C89E796-41C6-4182-9A74-12FBA1BAE9C1} = {AB3CBC42-B132-4681-BF9D-A35C622E5DB6}
		{3C1714C6-24D5-47F3-8A16-934D09643081} = {AB3CBC42-B132-4681-BF9D-A35C622E5DB6}
		{FB9F1E22-E7F1-4865-A225-D0EF1E1CE38D} = {AB3CBC42-B132-4681-BF9D-A35C622E5DB6}
		{E2F149EA-CD41-405C-8FD9-6892139CDC54} = {AB3CBC42-B132-4681-BF9D-A35C622E5DB6}
		{6709E802-8387-4C3A-8444-1716920ACA74} = {AB3CBC42-B132-4681-BF9D-A35C622E5DB6}
		{1B001EC5-B2F2-4231-B6BA-3A5E28596F32} = {AB3CBC42-B132-4681-BF9D-A35C622E5DB6}
		{996EB258-F38F-46EF-ACCB-1C848EAEEF13} = {1B001EC5-B2F2-4231-B6BA-3A5E28596F32}
		{EC716C3F-5EAB-4FD9-9D53-ACE7C16D8619} = {579C3C7F-AE1E-44A6-8417-9BF31C112AFB}
		{C1A51F81-6542-4406-B447-5820831974AE} = {579C3C7F-AE1E-44A6-8417-9BF31C112AFB}
		{9722F6C0-5563-4A22-95C3-C99C776CC6DC} = {579C3C7F-AE1E-44A6-8417-9BF31C112AFB}
		{0E43A7D7-16C7-4D3F-BAC5-4FBF3FF707B3} = {71294D72-E345-43DE-9C5C-2E1F8AF96207}
		{CC3264CC-1C23-4C73-9BE5-56A632A31DCE} = {9256B847-6942-4EBA-88F7-7DFCBD776ED9}
	EndGlobalSection
	GlobalSection(ExtensibilityGlobals) = postSolution
		SolutionGuid = {F65E413A-10BE-448E-9E14-62FE254A2EA2}
	EndGlobalSection
EndGlobal
